# THIS IS AN AUTOGENERATED FILE. DO NOT EDIT THIS FILE DIRECTLY.
# yarn lockfile v1


"@stepsec/malware-simulator@^0.0.3":
  version "0.0.3"
  resolved "https://registry.yarnpkg.com/@stepsec/malware-simulator/-/malware-simulator-0.0.3.tgz#7dfa27e21571ba071591720937ec733108c72e91"
  integrity sha512-sMa5jb25nSpp6MEBnZT++5xr3uQyiGvRHAaFVU4bGle2Df/odx1LF3p5lvIoOUS4RGq3e5Rr1hVkCamsVO6jNQ==
